
Microsoft Visual Studio Solution File, Format Version 12.00
# Visual Studio 15
VisualStudioVersion = 15.0.28307.168
MinimumVisualStudioVersion = 10.0.40219.1
Project("{9A19103F-16F7-4668-BE54-9A1E7A4F7556}") = "EFGrid.Server", "EFGrid.Server\EFGrid.Server.csproj", "{596E74EB-94FF-4072-BF7D-15097E32C3DC}"
EndProject
Project("{9A19103F-16F7-4668-BE54-9A1E7A4F7556}") = "EFGrid.Client", "EFGrid.Client\EFGrid.Client.csproj", "{33BFA026-E057-4848-A19F-DA413C5DBE1D}"
EndProject
Project("{9A19103F-16F7-4668-BE54-9A1E7A4F7556}") = "EFGrid.Shared", "EFGrid.Shared\EFGrid.Shared.csproj", "{25B05807-DB50-47E5-A7D1-A38136570AF4}"
EndProject
Global
	GlobalSection(SolutionConfigurationPlatforms) = preSolution
		Debug|Any CPU = Debug|Any CPU
		Release|Any CPU = Release|Any CPU
	EndGlobalSection
	GlobalSection(ProjectConfigurationPlatforms) = postSolution
		{596E74EB-94FF-4072-BF7D-15097E32C3DC}.Debug|Any CPU.ActiveCfg = Debug|Any CPU
		{596E74EB-94FF-4072-BF7D-15097E32C3DC}.Debug|Any CPU.Build.0 = Debug|Any CPU
		{596E74EB-94FF-4072-BF7D-15097E32C3DC}.Release|Any CPU.ActiveCfg = Release|Any CPU
		{596E74EB-94FF-4072-BF7D-15097E32C3DC}.Release|Any CPU.Build.0 = Release|Any CPU
		{33BFA026-E057-4848-A19F-DA413C5DBE1D}.Debug|Any CPU.ActiveCfg = Debug|Any CPU
		{33BFA026-E057-4848-A19F-DA413C5DBE1D}.Debug|Any CPU.Build.0 = Debug|Any CPU
		{33BFA026-E057-4848-A19F-DA413C5DBE1D}.Release|Any CPU.ActiveCfg = Release|Any CPU
		{33BFA026-E057-4848-A19F-DA413C5DBE1D}.Release|Any CPU.Build.0 = Release|Any CPU
		{25B05807-DB50-47E5-A7D1-A38136570AF4}.Debug|Any CPU.ActiveCfg = Debug|Any CPU
		{25B05807-DB50-47E5-A7D1-A38136570AF4}.Debug|Any CPU.Build.0 = Debug|Any CPU
		{25B05807-DB50-47E5-A7D1-A38136570AF4}.Release|Any CPU.ActiveCfg = Release|Any CPU
		{25B05807-DB50-47E5-A7D1-A38136570AF4}.Release|Any CPU.Build.0 = Release|Any CPU
	EndGlobalSection
	GlobalSection(SolutionProperties) = preSolution
		HideSolutionNode = FALSE
	EndGlobalSection
	GlobalSection(ExtensibilityGlobals) = postSolution
		SolutionGuid = {DB73EF48-411A-4B6F-BE87-88B297099D60}
	EndGlobalSection
EndGlobal
