
Microsoft Visual Studio Solution File, Format Version 12.00
# Visual Studio Version 16
VisualStudioVersion = 16.0.31424.327
MinimumVisualStudioVersion = 10.0.40219.1
Project("{FAE04EC0-301F-11D3-BF4B-00C04F79EFBC}") = "BootstrapWeb", "BootstrapWeb\BootstrapWeb.csproj", "{041C93BF-9CA0-45FA-AF61-5BE702E48C28}"
EndProject
Global
	GlobalSection(SolutionConfigurationPlatforms) = preSolution
		Debug|Any CPU = Debug|Any CPU
		Release|Any CPU = Release|Any CPU
	EndGlobalSection
	GlobalSection(ProjectConfigurationPlatforms) = postSolution
		{041C93BF-9CA0-45FA-AF61-5BE702E48C28}.Debug|Any CPU.ActiveCfg = Debug|Any CPU
		{041C93BF-9CA0-45FA-AF61-5BE702E48C28}.Debug|Any CPU.Build.0 = Debug|Any CPU
		{041C93BF-9CA0-45FA-AF61-5BE702E48C28}.Release|Any CPU.ActiveCfg = Release|Any CPU
		{041C93BF-9CA0-45FA-AF61-5BE702E48C28}.Release|Any CPU.Build.0 = Release|Any CPU
	EndGlobalSection
	GlobalSection(SolutionProperties) = preSolution
		HideSolutionNode = FALSE
	EndGlobalSection
	GlobalSection(ExtensibilityGlobals) = postSolution
		SolutionGuid = {590622E9-1BB4-4CA3-B169-8B9998053376}
	EndGlobalSection
EndGlobal
